
Microsoft Visual Studio Solution File, Format Version 12.00
# Visual Studio 2012
Project("{2150E333-8FDC-42A3-9474-1A3956D46DE8}") = "Solution Items", "Solution Items", "{233151D1-9105-4141-91D7-11783EFCDAA8}"
	ProjectSection(SolutionItems) = preProject
		guyu.ajax.js = guyu.ajax.js
		guyu.js = guyu.js
		guyu.lightbox.js = guyu.lightbox.js
		index.html = index.html
		normal.css = normal.css
		sme.css = sme.css
		test.js = test.js
	EndProjectSection
EndProject
Global
	GlobalSection(SolutionProperties) = preSolution
		HideSolutionNode = FALSE
	EndGlobalSection
EndGlobal
