
Microsoft Visual Studio Solution File, Format Version 12.00
# Visual Studio 15
VisualStudioVersion = 15.0.26430.13
MinimumVisualStudioVersion = 10.0.40219.1
Project("{2150E333-8FDC-42A3-9474-1A3956D46DE8}") = "Solution Items", "Solution Items", "{233151D1-9105-4141-91D7-11783EFCDAA8}"
	ProjectSection(SolutionItems) = preProject
		.gitignore = .gitignore
		guyu.ajax.js = guyu.ajax.js
		guyu.js = guyu.js
		guyu.lightbox.js = guyu.lightbox.js
		index.html = index.html
		jquery-2.2.1.min.js = jquery-2.2.1.min.js
		normal.css = normal.css
		readme.txt = readme.txt
		sme.css = sme.css
		sme.glyphicon.css = sme.glyphicon.css
		sme.lightbox.css = sme.lightbox.css
		test.js = test.js
	EndProjectSection
EndProject
Global
	GlobalSection(SolutionProperties) = preSolution
		HideSolutionNode = FALSE
	EndGlobalSection
EndGlobal
