
Microsoft Visual Studio Solution File, Format Version 12.00
# Visual Studio 2012
Project("{FAE04EC0-301F-11D3-BF4B-00C04F79EFBC}") = "WxImage", "WxImage\WxImage.csproj", "{8F28DE6E-5311-416D-8281-9A35357E52F4}"
EndProject
Global
	GlobalSection(SolutionConfigurationPlatforms) = preSolution
		Debug|Any CPU = Debug|Any CPU
		Release|Any CPU = Release|Any CPU
	EndGlobalSection
	GlobalSection(ProjectConfigurationPlatforms) = postSolution
		{8F28DE6E-5311-416D-8281-9A35357E52F4}.Debug|Any CPU.ActiveCfg = Debug|Any CPU
		{8F28DE6E-5311-416D-8281-9A35357E52F4}.Debug|Any CPU.Build.0 = Debug|Any CPU
		{8F28DE6E-5311-416D-8281-9A35357E52F4}.Release|Any CPU.ActiveCfg = Release|Any CPU
		{8F28DE6E-5311-416D-8281-9A35357E52F4}.Release|Any CPU.Build.0 = Release|Any CPU
	EndGlobalSection
	GlobalSection(SolutionProperties) = preSolution
		HideSolutionNode = FALSE
	EndGlobalSection
EndGlobal
